{
  "name": "sw2dts-example",
  "version": "1.0.0",
  "lockfileVersion": 1,
  "requires": true,
  "dependencies": {
    "sw2dts": {
      "version": "file:..",
      "requires": {
        "commandpost": "1.2.1",
        "dtsgenerator": "0.9.6",
        "js-yaml": "3.10.0"
      },
      "dependencies": {
        "@types/commander": {
          "version": "2.11.0",
          "bundled": true,
          "requires": {
            "@types/node": "8.0.52"
          }
        },
        "@types/glob": {
          "version": "5.0.33",
          "bundled": true,
          "requires": {
            "@types/minimatch": "3.0.1",
            "@types/node": "8.0.52"
          }
        },
        "@types/js-yaml": {
          "version": "3.10.0",
          "bundled": true
        },
        "@types/minimatch": {
          "version": "3.0.1",
          "bundled": true
        },
        "@types/mkdirp": {
          "version": "0.5.1",
          "bundled": true,
          "requires": {
            "@types/node": "8.0.52"
          }
        },
        "@types/mocha": {
          "version": "2.2.44",
          "bundled": true
        },
        "@types/nexpect": {
          "version": "0.4.30",
          "bundled": true,
          "requires": {
            "@types/node": "8.0.52"
          }
        },
        "@types/node": {
          "version": "8.0.52",
          "bundled": true
        },
        "@types/rimraf": {
          "version": "2.0.2",
          "bundled": true,
          "requires": {
            "@types/glob": "5.0.33",
            "@types/node": "8.0.52"
          }
        },
        "@types/semver": {
          "version": "5.4.0",
          "bundled": true
        },
        "JSONStream": {
          "version": "1.3.1",
          "bundled": true,
          "requires": {
            "jsonparse": "1.3.1",
            "through": "2.3.8"
          }
        },
        "add-stream": {
          "version": "1.0.0",
          "bundled": true
        },
        "ajv": {
          "version": "5.3.0",
          "bundled": true,
          "requires": {
            "co": "4.6.0",
            "fast-deep-equal": "1.0.0",
            "fast-json-stable-stringify": "2.0.0",
            "json-schema-traverse": "0.3.1"
          }
        },
        "align-text": {
          "version": "0.1.4",
          "bundled": true,
          "requires": {
            "kind-of": "3.2.2",
            "longest": "1.0.1",
            "repeat-string": "1.6.1"
          }
        },
        "amdefine": {
          "version": "1.0.1",
          "bundled": true
        },
        "ansi-regex": {
          "version": "2.1.1",
          "bundled": true
        },
        "ansi-styles": {
          "version": "2.2.1",
          "bundled": true
        },
        "argparse": {
          "version": "1.0.9",
          "bundled": true,
          "requires": {
            "sprintf-js": "1.0.3"
          },
          "dependencies": {
            "sprintf-js": {
              "version": "1.0.3",
              "bundled": true
            }
          }
        },
        "array-find-index": {
          "version": "1.0.2",
          "bundled": true
        },
        "array-ify": {
          "version": "1.0.0",
          "bundled": true
        },
        "asn1": {
          "version": "0.2.3",
          "bundled": true
        },
        "assert-plus": {
          "version": "1.0.0",
          "bundled": true
        },
        "async": {
          "version": "1.5.2",
          "bundled": true
        },
        "asynckit": {
          "version": "0.4.0",
          "bundled": true
        },
        "aws-sign2": {
          "version": "0.7.0",
          "bundled": true
        },
        "aws4": {
          "version": "1.6.0",
          "bundled": true
        },
        "babel-code-frame": {
          "version": "6.26.0",
          "bundled": true,
          "requires": {
            "chalk": "1.1.3",
            "esutils": "2.0.2",
            "js-tokens": "3.0.2"
          },
          "dependencies": {
            "chalk": {
              "version": "1.1.3",
              "bundled": true,
              "requires": {
                "ansi-styles": "2.2.1",
                "escape-string-regexp": "1.0.5",
                "has-ansi": "2.0.0",
                "strip-ansi": "3.0.1",
                "supports-color": "2.0.0"
              }
            },
            "supports-color": {
              "version": "2.0.0",
              "bundled": true
            }
          }
        },
        "balanced-match": {
          "version": "1.0.0",
          "bundled": true
        },
        "bcrypt-pbkdf": {
          "version": "1.0.1",
          "bundled": true,
          "optional": true,
          "requires": {
            "tweetnacl": "0.14.5"
          }
        },
        "boom": {
          "version": "4.3.1",
          "bundled": true,
          "requires": {
            "hoek": "4.2.0"
          }
        },
        "brace-expansion": {
          "version": "1.1.8",
          "bundled": true,
          "requires": {
            "balanced-match": "1.0.0",
            "concat-map": ""
          }
        },
        "browser-stdout": {
          "version": "1.3.0",
          "bundled": true
        },
        "builtin-modules": {
          "version": "1.1.1",
          "bundled": true
        },
        "camelcase": {
          "version": "2.1.1",
          "bundled": true
        },
        "camelcase-keys": {
          "version": "2.1.0",
          "bundled": true,
          "requires": {
            "camelcase": "2.1.1",
            "map-obj": "1.0.1"
          }
        },
        "caseless": {
          "version": "0.12.0",
          "bundled": true
        },
        "center-align": {
          "version": "0.1.3",
          "bundled": true,
          "optional": true,
          "requires": {
            "align-text": "0.1.4",
            "lazy-cache": "1.0.4"
          }
        },
        "chalk": {
          "version": "2.3.0",
          "bundled": true,
          "requires": {
            "ansi-styles": "3.2.0",
            "escape-string-regexp": "1.0.5",
            "supports-color": "4.4.0"
          },
          "dependencies": {
            "ansi-styles": {
              "version": "3.2.0",
              "bundled": true,
              "requires": {
                "color-convert": "1.9.1"
              }
            }
          }
        },
        "cliui": {
          "version": "2.1.0",
          "bundled": true,
          "optional": true,
          "requires": {
            "center-align": "0.1.3",
            "right-align": "0.1.3",
            "wordwrap": "0.0.2"
          },
          "dependencies": {
            "wordwrap": {
              "version": "0.0.2",
              "bundled": true,
              "optional": true
            }
          }
        },
        "co": {
          "version": "4.6.0",
          "bundled": true
        },
        "color-convert": {
          "version": "1.9.1",
          "bundled": true,
          "requires": {
            "color-name": "1.1.3"
          }
        },
        "color-name": {
          "version": "1.1.3",
          "bundled": true
        },
        "combined-stream": {
          "version": "1.0.5",
          "bundled": true,
          "requires": {
            "delayed-stream": "1.0.0"
          }
        },
        "commander": {
          "version": "2.11.0",
          "bundled": true
        },
        "commandpost": {
          "version": "1.2.1",
          "bundled": true
        },
        "compare-func": {
          "version": "1.3.2",
          "bundled": true,
          "requires": {
            "array-ify": "1.0.0",
            "dot-prop": "3.0.0"
          }
        },
        "concat-map": {
          "bundled": true
        },
        "conventional-changelog": {
          "version": "1.1.7",
          "bundled": true,
          "requires": {
            "conventional-changelog-angular": "1.5.2",
            "conventional-changelog-atom": "0.1.2",
            "conventional-changelog-codemirror": "0.2.1",
            "conventional-changelog-core": "1.9.3",
            "conventional-changelog-ember": "0.2.9",
            "conventional-changelog-eslint": "0.2.1",
            "conventional-changelog-express": "0.2.1",
            "conventional-changelog-jquery": "0.1.0",
            "conventional-changelog-jscs": "0.1.0",
            "conventional-changelog-jshint": "0.2.1"
          }
        },
        "conventional-changelog-angular": {
          "version": "1.5.2",
          "bundled": true,
          "requires": {
            "compare-func": "1.3.2",
            "q": "1.5.1"
          }
        },
        "conventional-changelog-atom": {
          "version": "0.1.2",
          "bundled": true,
          "requires": {
            "q": "1.5.1"
          }
        },
        "conventional-changelog-cli": {
          "version": "1.3.5",
          "bundled": true,
          "requires": {
            "add-stream": "1.0.0",
            "conventional-changelog": "1.1.7",
            "lodash": "4.17.4",
            "meow": "3.7.0",
            "tempfile": "1.1.1"
          }
        },
        "conventional-changelog-codemirror": {
          "version": "0.2.1",
          "bundled": true,
          "requires": {
            "q": "1.5.1"
          }
        },
        "conventional-changelog-core": {
          "version": "1.9.3",
          "bundled": true,
          "requires": {
            "conventional-changelog-writer": "2.0.2",
            "conventional-commits-parser": "2.0.1",
            "dateformat": "1.0.12",
            "get-pkg-repo": "1.4.0",
            "git-raw-commits": "1.3.0",
            "git-remote-origin-url": "2.0.0",
            "git-semver-tags": "1.2.3",
            "lodash": "4.17.4",
            "normalize-package-data": "2.4.0",
            "q": "1.5.1",
            "read-pkg": "1.1.0",
            "read-pkg-up": "1.0.1",
            "through2": "2.0.3"
          }
        },
        "conventional-changelog-ember": {
          "version": "0.2.9",
          "bundled": true,
          "requires": {
            "q": "1.5.1"
          }
        },
        "conventional-changelog-eslint": {
          "version": "0.2.1",
          "bundled": true,
          "requires": {
            "q": "1.5.1"
          }
        },
        "conventional-changelog-express": {
          "version": "0.2.1",
          "bundled": true,
          "requires": {
            "q": "1.5.1"
          }
        },
        "conventional-changelog-jquery": {
          "version": "0.1.0",
          "bundled": true,
          "requires": {
            "q": "1.5.1"
          }
        },
        "conventional-changelog-jscs": {
          "version": "0.1.0",
          "bundled": true,
          "requires": {
            "q": "1.5.1"
          }
        },
        "conventional-changelog-jshint": {
          "version": "0.2.1",
          "bundled": true,
          "requires": {
            "compare-func": "1.3.2",
            "q": "1.5.1"
          }
        },
        "conventional-changelog-writer": {
          "version": "2.0.2",
          "bundled": true,
          "requires": {
            "compare-func": "1.3.2",
            "conventional-commits-filter": "1.1.0",
            "dateformat": "1.0.12",
            "handlebars": "4.0.11",
            "json-stringify-safe": "",
            "lodash": "4.17.4",
            "meow": "3.7.0",
            "semver": "5.4.1",
            "split": "1.0.1",
            "through2": "2.0.3"
          }
        },
        "conventional-commits-filter": {
          "version": "1.1.0",
          "bundled": true,
          "requires": {
            "is-subset": "0.1.1",
            "modify-values": "1.0.0"
          }
        },
        "conventional-commits-parser": {
          "version": "2.0.1",
          "bundled": true,
          "requires": {
            "JSONStream": "1.3.1",
            "is-text-path": "1.0.1",
            "lodash": "4.17.4",
            "meow": "3.7.0",
            "split2": "2.2.0",
            "through2": "2.0.3",
            "trim-off-newlines": "1.0.1"
          }
        },
        "core-util-is": {
          "bundled": true
        },
        "cryptiles": {
          "version": "3.1.2",
          "bundled": true,
          "requires": {
            "boom": "5.2.0"
          },
          "dependencies": {
            "boom": {
              "version": "5.2.0",
              "bundled": true,
              "requires": {
                "hoek": "4.2.0"
              }
            }
          }
        },
        "currently-unhandled": {
          "version": "0.4.1",
          "bundled": true,
          "requires": {
            "array-find-index": "1.0.2"
          }
        },
        "dargs": {
          "version": "4.1.0",
          "bundled": true,
          "requires": {
            "number-is-nan": "1.0.1"
          }
        },
        "dashdash": {
          "version": "1.14.1",
          "bundled": true,
          "requires": {
            "assert-plus": "1.0.0"
          }
        },
        "dateformat": {
          "version": "1.0.12",
          "bundled": true,
          "requires": {
            "get-stdin": "4.0.1",
            "meow": "3.7.0"
          }
        },
        "debug": {
          "version": "3.1.0",
          "bundled": true,
          "requires": {
            "ms": "2.0.0"
          }
        },
        "decamelize": {
          "version": "1.2.0",
          "bundled": true
        },
        "delayed-stream": {
          "version": "1.0.0",
          "bundled": true
        },
        "diff": {
          "version": "3.3.1",
          "bundled": true
        },
        "dot-prop": {
          "version": "3.0.0",
          "bundled": true,
          "requires": {
            "is-obj": "1.0.1"
          }
        },
        "dtsgenerator": {
          "version": "0.9.6",
          "bundled": true,
          "requires": {
            "commander": "2.11.0",
            "debug": "3.1.0",
            "glob": "7.1.2",
            "js-yaml": "3.10.0",
            "mkdirp": "0.5.1",
            "request": "2.83.0"
          },
          "dependencies": {
            "balanced-match": {
              "version": "1.0.0",
              "bundled": true
            },
            "brace-expansion": {
              "version": "1.1.8",
              "bundled": true,
              "requires": {
                "balanced-match": "1.0.0",
                "concat-map": "0.0.1"
              }
            },
            "concat-map": {
              "version": "0.0.1",
              "bundled": true
            },
            "fs.realpath": {
              "version": "1.0.0",
              "bundled": true
            },
            "glob": {
              "version": "7.1.2",
              "bundled": true,
              "requires": {
                "fs.realpath": "1.0.0",
                "inflight": "1.0.6",
                "inherits": "2.0.3",
                "minimatch": "3.0.4",
                "once": "1.4.0",
                "path-is-absolute": "1.0.1"
              }
            },
            "inflight": {
              "version": "1.0.6",
              "bundled": true,
              "requires": {
                "once": "1.4.0",
                "wrappy": "1.0.2"
              }
            },
            "inherits": {
              "version": "2.0.3",
              "bundled": true
            },
            "minimatch": {
              "version": "3.0.4",
              "bundled": true,
              "requires": {
                "brace-expansion": "1.1.8"
              }
            },
            "once": {
              "version": "1.4.0",
              "bundled": true,
              "requires": {
                "wrappy": "1.0.2"
              }
            },
            "path-is-absolute": {
              "version": "1.0.1",
              "bundled": true
            },
            "wrappy": {
              "version": "1.0.2",
              "bundled": true
            }
          }
        },
        "ecc-jsbn": {
          "version": "0.1.1",
          "bundled": true,
          "optional": true,
          "requires": {
            "jsbn": "0.1.1"
          }
        },
        "editorconfig": {
          "version": "0.15.0",
          "bundled": true,
          "requires": {
            "@types/commander": "2.11.0",
            "@types/semver": "5.4.0",
            "commander": "2.11.0",
            "lru-cache": "4.1.1",
            "semver": "5.4.1",
            "sigmund": ""
          },
          "dependencies": {
            "commander": {
              "version": "2.11.0",
              "bundled": true
            },
            "semver": {
              "version": "5.4.1",
              "bundled": true
            }
          }
        },
        "error-ex": {
          "version": "1.3.1",
          "bundled": true,
          "requires": {
            "is-arrayish": "0.2.1"
          }
        },
        "escape-string-regexp": {
          "version": "1.0.5",
          "bundled": true
        },
        "esprima": {
          "version": "4.0.0",
          "bundled": true
        },
        "esutils": {
          "version": "2.0.2",
          "bundled": true
        },
        "extend": {
          "version": "3.0.1",
          "bundled": true
        },
        "extsprintf": {
          "version": "1.3.0",
          "bundled": true
        },
        "fast-deep-equal": {
          "version": "1.0.0",
          "bundled": true
        },
        "fast-json-stable-stringify": {
          "version": "2.0.0",
          "bundled": true
        },
        "find-up": {
          "version": "1.1.2",
          "bundled": true,
          "requires": {
            "path-exists": "2.1.0",
            "pinkie-promise": "2.0.1"
          }
        },
        "forever-agent": {
          "version": "0.6.1",
          "bundled": true
        },
        "form-data": {
          "version": "2.3.1",
          "bundled": true,
          "requires": {
            "asynckit": "0.4.0",
            "combined-stream": "1.0.5",
            "mime-types": "2.1.17"
          }
        },
        "fs.realpath": {
          "bundled": true
        },
        "get-pkg-repo": {
          "version": "1.4.0",
          "bundled": true,
          "requires": {
            "hosted-git-info": "2.5.0",
            "meow": "3.7.0",
            "normalize-package-data": "2.4.0",
            "parse-github-repo-url": "1.4.1",
            "through2": "2.0.3"
          }
        },
        "get-stdin": {
          "version": "4.0.1",
          "bundled": true
        },
        "getpass": {
          "version": "0.1.7",
          "bundled": true,
          "requires": {
            "assert-plus": "1.0.0"
          }
        },
        "git-raw-commits": {
          "version": "1.3.0",
          "bundled": true,
          "requires": {
            "dargs": "4.1.0",
            "lodash.template": "4.4.0",
            "meow": "3.7.0",
            "split2": "2.2.0",
            "through2": "2.0.3"
          }
        },
        "git-remote-origin-url": {
          "version": "2.0.0",
          "bundled": true,
          "requires": {
            "gitconfiglocal": "1.0.0",
            "pify": "2.3.0"
          }
        },
        "git-semver-tags": {
          "version": "1.2.3",
          "bundled": true,
          "requires": {
            "meow": "3.7.0",
            "semver": "5.4.1"
          }
        },
        "gitconfiglocal": {
          "version": "1.0.0",
          "bundled": true,
          "requires": {
            "ini": "1.3.4"
          }
        },
        "glob": {
          "version": "7.1.2",
          "bundled": true,
          "requires": {
            "fs.realpath": "",
            "inflight": "",
            "inherits": "",
            "minimatch": "3.0.4",
            "once": "",
            "path-is-absolute": ""
          }
        },
        "graceful-fs": {
          "version": "4.1.11",
          "bundled": true
        },
        "growl": {
          "version": "1.10.3",
          "bundled": true
        },
        "handlebars": {
          "version": "4.0.11",
          "bundled": true,
          "requires": {
            "async": "1.5.2",
            "optimist": "0.6.1",
            "source-map": "0.4.4",
            "uglify-js": "2.8.29"
          }
        },
        "har-schema": {
          "version": "2.0.0",
          "bundled": true
        },
        "har-validator": {
          "version": "5.0.3",
          "bundled": true,
          "requires": {
            "ajv": "5.3.0",
            "har-schema": "2.0.0"
          }
        },
        "has-ansi": {
          "version": "2.0.0",
          "bundled": true,
          "requires": {
            "ansi-regex": "2.1.1"
          }
        },
        "has-flag": {
          "version": "2.0.0",
          "bundled": true
        },
        "hawk": {
          "version": "6.0.2",
          "bundled": true,
          "requires": {
            "boom": "4.3.1",
            "cryptiles": "3.1.2",
            "hoek": "4.2.0",
            "sntp": "2.1.0"
          }
        },
        "he": {
          "version": "1.1.1",
          "bundled": true
        },
        "hoek": {
          "version": "4.2.0",
          "bundled": true
        },
        "hosted-git-info": {
          "version": "2.5.0",
          "bundled": true
        },
        "http-signature": {
          "version": "1.2.0",
          "bundled": true,
          "requires": {
            "assert-plus": "1.0.0",
            "jsprim": "1.4.1",
            "sshpk": "1.13.1"
          }
        },
        "indent-string": {
          "version": "2.1.0",
          "bundled": true,
          "requires": {
            "repeating": "2.0.1"
          }
        },
        "inflight": {
          "bundled": true
        },
        "inherits": {
          "bundled": true
        },
        "ini": {
          "version": "1.3.4",
          "bundled": true
        },
        "is-arrayish": {
          "version": "0.2.1",
          "bundled": true
        },
        "is-buffer": {
          "version": "1.1.6",
          "bundled": true
        },
        "is-builtin-module": {
          "version": "1.0.0",
          "bundled": true,
          "requires": {
            "builtin-modules": "1.1.1"
          }
        },
        "is-finite": {
          "version": "1.0.2",
          "bundled": true,
          "requires": {
            "number-is-nan": "1.0.1"
          }
        },
        "is-obj": {
          "version": "1.0.1",
          "bundled": true
        },
        "is-subset": {
          "version": "0.1.1",
          "bundled": true
        },
        "is-text-path": {
          "version": "1.0.1",
          "bundled": true,
          "requires": {
            "text-extensions": "1.7.0"
          }
        },
        "is-typedarray": {
          "version": "1.0.0",
          "bundled": true
        },
        "is-utf8": {
          "version": "0.2.1",
          "bundled": true
        },
        "isarray": {
          "version": "1.0.0",
          "bundled": true
        },
        "isstream": {
          "version": "0.1.2",
          "bundled": true
        },
        "js-tokens": {
          "version": "3.0.2",
          "bundled": true
        },
        "js-yaml": {
          "version": "3.10.0",
          "bundled": true,
          "requires": {
            "argparse": "1.0.9",
            "esprima": "4.0.0"
          }
        },
        "jsbn": {
          "version": "0.1.1",
          "bundled": true,
          "optional": true
        },
        "json-schema": {
          "version": "0.2.3",
          "bundled": true
        },
        "json-schema-traverse": {
          "version": "0.3.1",
          "bundled": true
        },
        "json-stringify-safe": {
          "bundled": true
        },
        "jsonparse": {
          "version": "1.3.1",
          "bundled": true
        },
        "jsprim": {
          "version": "1.4.1",
          "bundled": true,
          "requires": {
            "assert-plus": "1.0.0",
            "extsprintf": "1.3.0",
            "json-schema": "0.2.3",
            "verror": "1.10.0"
          }
        },
        "kind-of": {
          "version": "3.2.2",
          "bundled": true,
          "requires": {
            "is-buffer": "1.1.6"
          }
        },
        "lazy-cache": {
          "version": "1.0.4",
          "bundled": true,
          "optional": true
        },
        "load-json-file": {
          "version": "1.1.0",
          "bundled": true,
          "requires": {
            "graceful-fs": "4.1.11",
            "parse-json": "2.2.0",
            "pify": "2.3.0",
            "pinkie-promise": "2.0.1",
            "strip-bom": "2.0.0"
          }
        },
        "lodash": {
          "version": "4.17.4",
          "bundled": true
        },
        "lodash._reinterpolate": {
          "version": "3.0.0",
          "bundled": true
        },
        "lodash.template": {
          "version": "4.4.0",
          "bundled": true,
          "requires": {
            "lodash._reinterpolate": "3.0.0",
            "lodash.templatesettings": "4.1.0"
          }
        },
        "lodash.templatesettings": {
          "version": "4.1.0",
          "bundled": true,
          "requires": {
            "lodash._reinterpolate": "3.0.0"
          }
        },
        "longest": {
          "version": "1.0.1",
          "bundled": true
        },
        "loud-rejection": {
          "version": "1.6.0",
          "bundled": true,
          "requires": {
            "currently-unhandled": "0.4.1",
            "signal-exit": "3.0.2"
          }
        },
        "lru-cache": {
          "version": "4.1.1",
          "bundled": true,
          "requires": {
            "pseudomap": "1.0.2",
            "yallist": "2.1.2"
          }
        },
        "map-obj": {
          "version": "1.0.1",
          "bundled": true
        },
        "meow": {
          "version": "3.7.0",
          "bundled": true,
          "requires": {
            "camelcase-keys": "2.1.0",
            "decamelize": "1.2.0",
            "loud-rejection": "1.6.0",
            "map-obj": "1.0.1",
            "minimist": "1.2.0",
            "normalize-package-data": "2.4.0",
            "object-assign": "4.1.1",
            "read-pkg-up": "1.0.1",
            "redent": "1.0.0",
            "trim-newlines": "1.0.0"
          }
        },
        "mime-db": {
          "version": "1.30.0",
          "bundled": true
        },
        "mime-types": {
          "version": "2.1.17",
          "bundled": true,
          "requires": {
            "mime-db": "1.30.0"
          }
        },
        "minimatch": {
          "version": "3.0.4",
          "bundled": true,
          "requires": {
            "brace-expansion": "1.1.8"
          }
        },
        "minimist": {
          "version": "1.2.0",
          "bundled": true
        },
        "mkdirp": {
          "version": "0.5.1",
          "bundled": true,
          "requires": {
            "minimist": "0.0.8"
          },
          "dependencies": {
            "minimist": {
              "version": "0.0.8",
              "bundled": true
            }
          }
        },
        "mocha": {
          "version": "4.0.1",
          "bundled": true,
          "requires": {
            "browser-stdout": "1.3.0",
            "commander": "2.11.0",
            "debug": "3.1.0",
            "diff": "3.3.1",
            "escape-string-regexp": "1.0.5",
            "glob": "7.1.2",
            "growl": "1.10.3",
            "he": "1.1.1",
            "mkdirp": "0.5.1",
            "supports-color": "4.4.0"
          }
        },
        "modify-values": {
          "version": "1.0.0",
          "bundled": true
        },
        "ms": {
          "version": "2.0.0",
          "bundled": true
        },
        "nexpect": {
          "version": "0.5.0",
          "bundled": true
        },
        "normalize-package-data": {
          "version": "2.4.0",
          "bundled": true,
          "requires": {
            "hosted-git-info": "2.5.0",
            "is-builtin-module": "1.0.0",
            "semver": "5.4.1",
            "validate-npm-package-license": "3.0.1"
          }
        },
        "number-is-nan": {
          "version": "1.0.1",
          "bundled": true
        },
        "oauth-sign": {
          "version": "0.8.2",
          "bundled": true
        },
        "object-assign": {
          "version": "4.1.1",
          "bundled": true
        },
        "once": {
          "bundled": true
        },
        "optimist": {
          "version": "0.6.1",
          "bundled": true,
          "requires": {
            "minimist": "0.0.10",
            "wordwrap": "0.0.3"
          },
          "dependencies": {
            "minimist": {
              "version": "0.0.10",
              "bundled": true
            }
          }
        },
        "os-tmpdir": {
          "version": "1.0.2",
          "bundled": true
        },
        "parse-github-repo-url": {
          "version": "1.4.1",
          "bundled": true
        },
        "parse-json": {
          "version": "2.2.0",
          "bundled": true,
          "requires": {
            "error-ex": "1.3.1"
          }
        },
        "path-exists": {
          "version": "2.1.0",
          "bundled": true,
          "requires": {
            "pinkie-promise": "2.0.1"
          }
        },
        "path-is-absolute": {
          "bundled": true
        },
        "path-parse": {
          "version": "1.0.5",
          "bundled": true
        },
        "path-type": {
          "version": "1.1.0",
          "bundled": true,
          "requires": {
            "graceful-fs": "4.1.11",
            "pify": "2.3.0",
            "pinkie-promise": "2.0.1"
          }
        },
        "performance-now": {
          "version": "2.1.0",
          "bundled": true
        },
        "pify": {
          "version": "2.3.0",
          "bundled": true
        },
        "pinkie": {
          "version": "2.0.4",
          "bundled": true
        },
        "pinkie-promise": {
          "version": "2.0.1",
          "bundled": true,
          "requires": {
            "pinkie": "2.0.4"
          }
        },
        "process-nextick-args": {
          "version": "1.0.7",
          "bundled": true
        },
        "pseudomap": {
          "version": "1.0.2",
          "bundled": true
        },
        "punycode": {
          "version": "1.4.1",
          "bundled": true
        },
        "q": {
          "version": "1.5.1",
          "bundled": true
        },
        "qs": {
          "version": "6.5.1",
          "bundled": true
        },
        "read-pkg": {
          "version": "1.1.0",
          "bundled": true,
          "requires": {
            "load-json-file": "1.1.0",
            "normalize-package-data": "2.4.0",
            "path-type": "1.1.0"
          }
        },
        "read-pkg-up": {
          "version": "1.0.1",
          "bundled": true,
          "requires": {
            "find-up": "1.1.2",
            "read-pkg": "1.1.0"
          }
        },
        "readable-stream": {
          "version": "2.3.3",
          "bundled": true,
          "requires": {
            "core-util-is": "",
            "inherits": "",
            "isarray": "1.0.0",
            "process-nextick-args": "1.0.7",
            "safe-buffer": "5.1.1",
            "string_decoder": "1.0.3",
            "util-deprecate": "1.0.2"
          }
        },
        "redent": {
          "version": "1.0.0",
          "bundled": true,
          "requires": {
            "indent-string": "2.1.0",
            "strip-indent": "1.0.1"
          }
        },
        "repeat-string": {
          "version": "1.6.1",
          "bundled": true
        },
        "repeating": {
          "version": "2.0.1",
          "bundled": true,
          "requires": {
            "is-finite": "1.0.2"
          }
        },
        "request": {
          "version": "2.83.0",
          "bundled": true,
          "requires": {
            "aws-sign2": "0.7.0",
            "aws4": "1.6.0",
            "caseless": "0.12.0",
            "combined-stream": "1.0.5",
            "extend": "3.0.1",
            "forever-agent": "0.6.1",
            "form-data": "2.3.1",
            "har-validator": "5.0.3",
            "hawk": "6.0.2",
            "http-signature": "1.2.0",
            "is-typedarray": "1.0.0",
            "isstream": "0.1.2",
            "json-stringify-safe": "5.0.1",
            "mime-types": "2.1.17",
            "oauth-sign": "0.8.2",
            "performance-now": "2.1.0",
            "qs": "6.5.1",
            "safe-buffer": "5.1.1",
            "stringstream": "0.0.5",
            "tough-cookie": "2.3.3",
            "tunnel-agent": "0.6.0",
            "uuid": "3.1.0"
          },
          "dependencies": {
            "json-stringify-safe": {
              "version": "5.0.1",
              "bundled": true
            }
          }
        },
        "resolve": {
          "version": "1.5.0",
          "bundled": true,
          "requires": {
            "path-parse": "1.0.5"
          }
        },
        "right-align": {
          "version": "0.1.3",
          "bundled": true,
          "optional": true,
          "requires": {
            "align-text": "0.1.4"
          }
        },
        "rimraf": {
          "version": "2.6.2",
          "bundled": true,
          "requires": {
            "glob": "7.1.2"
          }
        },
        "safe-buffer": {
          "version": "5.1.1",
          "bundled": true
        },
        "semver": {
          "version": "5.4.1",
          "bundled": true
        },
        "sigmund": {
          "bundled": true
        },
        "signal-exit": {
          "version": "3.0.2",
          "bundled": true
        },
        "sntp": {
          "version": "2.1.0",
          "bundled": true,
          "requires": {
            "hoek": "4.2.0"
          }
        },
        "source-map": {
          "version": "0.4.4",
          "bundled": true,
          "requires": {
            "amdefine": "1.0.1"
          }
        },
        "spdx-correct": {
          "version": "1.0.2",
          "bundled": true,
          "requires": {
            "spdx-license-ids": "1.2.2"
          }
        },
        "spdx-expression-parse": {
          "version": "1.0.4",
          "bundled": true
        },
        "spdx-license-ids": {
          "version": "1.2.2",
          "bundled": true
        },
        "split": {
          "version": "1.0.1",
          "bundled": true,
          "requires": {
            "through": "2.3.8"
          }
        },
        "split2": {
          "version": "2.2.0",
          "bundled": true,
          "requires": {
            "through2": "2.0.3"
          }
        },
        "sprintf-js": {
          "bundled": true
        },
        "sshpk": {
          "version": "1.13.1",
          "bundled": true,
          "requires": {
            "asn1": "0.2.3",
            "assert-plus": "1.0.0",
            "bcrypt-pbkdf": "1.0.1",
            "dashdash": "1.14.1",
            "ecc-jsbn": "0.1.1",
            "getpass": "0.1.7",
            "jsbn": "0.1.1",
            "tweetnacl": "0.14.5"
          }
        },
        "string_decoder": {
          "version": "1.0.3",
          "bundled": true,
          "requires": {
            "safe-buffer": "5.1.1"
          }
        },
        "stringstream": {
          "version": "0.0.5",
          "bundled": true
        },
        "strip-ansi": {
          "version": "3.0.1",
          "bundled": true,
          "requires": {
            "ansi-regex": "2.1.1"
          }
        },
        "strip-bom": {
          "version": "2.0.0",
          "bundled": true,
          "requires": {
            "is-utf8": "0.2.1"
          }
        },
        "strip-indent": {
          "version": "1.0.1",
          "bundled": true,
          "requires": {
            "get-stdin": "4.0.1"
          }
        },
        "supports-color": {
          "version": "4.4.0",
          "bundled": true,
          "requires": {
            "has-flag": "2.0.0"
          }
        },
        "tempfile": {
          "version": "1.1.1",
          "bundled": true,
          "requires": {
            "os-tmpdir": "1.0.2",
            "uuid": "2.0.3"
          },
          "dependencies": {
            "uuid": {
              "version": "2.0.3",
              "bundled": true
            }
          }
        },
        "text-extensions": {
          "version": "1.7.0",
          "bundled": true
        },
        "through": {
          "version": "2.3.8",
          "bundled": true
        },
        "through2": {
          "version": "2.0.3",
          "bundled": true,
          "requires": {
            "readable-stream": "2.3.3",
            "xtend": "4.0.1"
          }
        },
        "tough-cookie": {
          "version": "2.3.3",
          "bundled": true,
          "requires": {
            "punycode": "1.4.1"
          }
        },
        "trim-newlines": {
          "version": "1.0.0",
          "bundled": true
        },
        "trim-off-newlines": {
          "version": "1.0.1",
          "bundled": true
        },
        "tslib": {
          "version": "1.8.0",
          "bundled": true
        },
        "tslint": {
          "version": "5.8.0",
          "bundled": true,
          "requires": {
            "babel-code-frame": "6.26.0",
            "builtin-modules": "1.1.1",
            "chalk": "2.3.0",
            "commander": "2.11.0",
            "diff": "3.3.1",
            "glob": "7.1.2",
            "minimatch": "3.0.4",
            "resolve": "1.5.0",
            "semver": "5.4.1",
            "tslib": "1.8.0",
            "tsutils": "2.12.2"
          }
        },
        "tsutils": {
          "version": "2.12.2",
          "bundled": true,
          "requires": {
            "tslib": "1.8.0"
          }
        },
        "tunnel-agent": {
          "version": "0.6.0",
          "bundled": true,
          "requires": {
            "safe-buffer": "5.1.1"
          }
        },
        "tweetnacl": {
          "version": "0.14.5",
          "bundled": true,
          "optional": true
        },
        "typescript": {
          "version": "2.6.1",
          "bundled": true
        },
        "typescript-formatter": {
          "version": "7.0.0",
          "bundled": true,
          "requires": {
            "commandpost": "1.2.1",
            "editorconfig": "0.15.0"
          }
        },
        "uglify-js": {
          "version": "2.8.29",
          "bundled": true,
          "optional": true,
          "requires": {
            "source-map": "0.5.7",
            "uglify-to-browserify": "1.0.2",
            "yargs": "3.10.0"
          },
          "dependencies": {
            "source-map": {
              "version": "0.5.7",
              "bundled": true,
              "optional": true
            }
          }
        },
        "uglify-to-browserify": {
          "version": "1.0.2",
          "bundled": true,
          "optional": true
        },
        "util-deprecate": {
          "version": "1.0.2",
          "bundled": true
        },
        "uuid": {
          "version": "3.1.0",
          "bundled": true
        },
        "validate-npm-package-license": {
          "version": "3.0.1",
          "bundled": true,
          "requires": {
            "spdx-correct": "1.0.2",
            "spdx-expression-parse": "1.0.4"
          }
        },
        "verror": {
          "version": "1.10.0",
          "bundled": true,
          "requires": {
            "assert-plus": "1.0.0",
            "core-util-is": "1.0.2",
            "extsprintf": "1.3.0"
          },
          "dependencies": {
            "core-util-is": {
              "version": "1.0.2",
              "bundled": true
            }
          }
        },
        "window-size": {
          "version": "0.1.0",
          "bundled": true,
          "optional": true
        },
        "wordwrap": {
          "version": "0.0.3",
          "bundled": true
        },
        "wrappy": {
          "bundled": true
        },
        "xtend": {
          "version": "4.0.1",
          "bundled": true
        },
        "yallist": {
          "version": "2.1.2",
          "bundled": true
        },
        "yargs": {
          "version": "3.10.0",
          "bundled": true,
          "optional": true,
          "requires": {
            "camelcase": "1.2.1",
            "cliui": "2.1.0",
            "decamelize": "1.2.0",
            "window-size": "0.1.0"
          },
          "dependencies": {
            "camelcase": {
              "version": "1.2.1",
              "bundled": true,
              "optional": true
            }
          }
        }
      }
    },
    "typescript": {
      "version": "2.6.1",
      "resolved": "https://registry.npmjs.org/typescript/-/typescript-2.6.1.tgz",
      "integrity": "sha1-7znN6ierrAtQAkLWcmq5DgyEZjE=",
      "dev": true
    }
  }
}
